
Microsoft Visual Studio Solution File, Format Version 12.00
# Visual Studio 14
VisualStudioVersion = 14.0.25420.1
MinimumVisualStudioVersion = 10.0.40219.1
Project("{2150E333-8FDC-42A3-9474-1A3956D46DE8}") = "src", "src", "{344F3156-2411-485F-B4BD-0DC83A486E41}"
EndProject
Project("{2150E333-8FDC-42A3-9474-1A3956D46DE8}") = "Solution Items", "Solution Items", "{E5508B40-38F5-47A6-927A-8CD0DDF98B34}"
	ProjectSection(SolutionItems) = preProject
		global.json = global.json
	EndProjectSection
EndProject
Project("{8BB2217D-0F2D-49D1-97BC-3654ED321F3B}") = "ASDTask5VuDuong(With GIT)", "src\ASDTask5VuDuong(With GIT)\ASDTask5VuDuong(With GIT).xproj", "{2AD7DAC4-21F1-4696-83DC-6C6A24DF6333}"
EndProject
Global
	GlobalSection(SolutionConfigurationPlatforms) = preSolution
		Debug|Any CPU = Debug|Any CPU
		Release|Any CPU = Release|Any CPU
	EndGlobalSection
	GlobalSection(ProjectConfigurationPlatforms) = postSolution
		{2AD7DAC4-21F1-4696-83DC-6C6A24DF6333}.Debug|Any CPU.ActiveCfg = Debug|Any CPU
		{2AD7DAC4-21F1-4696-83DC-6C6A24DF6333}.Debug|Any CPU.Build.0 = Debug|Any CPU
		{2AD7DAC4-21F1-4696-83DC-6C6A24DF6333}.Release|Any CPU.ActiveCfg = Release|Any CPU
		{2AD7DAC4-21F1-4696-83DC-6C6A24DF6333}.Release|Any CPU.Build.0 = Release|Any CPU
	EndGlobalSection
	GlobalSection(SolutionProperties) = preSolution
		HideSolutionNode = FALSE
	EndGlobalSection
	GlobalSection(NestedProjects) = preSolution
		{2AD7DAC4-21F1-4696-83DC-6C6A24DF6333} = {344F3156-2411-485F-B4BD-0DC83A486E41}
	EndGlobalSection
EndGlobal
